
Microsoft Visual Studio Solution File, Format Version 12.00
# Visual Studio Version 17
VisualStudioVersion = 17.5.33530.505
MinimumVisualStudioVersion = 10.0.40219.1
Project("{FAE04EC0-301F-11D3-BF4B-00C04F79EFBC}") = "Generics_Set_Dictionary_Rascunho2", "Generics_Set_Dictionary_Rascunho2\Generics_Set_Dictionary_Rascunho2.csproj", "{90AD671B-5DB7-4D59-AD5B-CDEEF8CCC636}"
EndProject
Global
	GlobalSection(SolutionConfigurationPlatforms) = preSolution
		Debug|Any CPU = Debug|Any CPU
		Release|Any CPU = Release|Any CPU
	EndGlobalSection
	GlobalSection(ProjectConfigurationPlatforms) = postSolution
		{90AD671B-5DB7-4D59-AD5B-CDEEF8CCC636}.Debug|Any CPU.ActiveCfg = Debug|Any CPU
		{90AD671B-5DB7-4D59-AD5B-CDEEF8CCC636}.Debug|Any CPU.Build.0 = Debug|Any CPU
		{90AD671B-5DB7-4D59-AD5B-CDEEF8CCC636}.Release|Any CPU.ActiveCfg = Release|Any CPU
		{90AD671B-5DB7-4D59-AD5B-CDEEF8CCC636}.Release|Any CPU.Build.0 = Release|Any CPU
	EndGlobalSection
	GlobalSection(SolutionProperties) = preSolution
		HideSolutionNode = FALSE
	EndGlobalSection
	GlobalSection(ExtensibilityGlobals) = postSolution
		SolutionGuid = {83CB08D7-C262-47D3-AD33-49ED259D9D41}
	EndGlobalSection
EndGlobal
